
Microsoft Visual Studio Solution File, Format Version 12.00
# Visual Studio Version 17
VisualStudioVersion = 17.9.34723.18
MinimumVisualStudioVersion = 10.0.40219.1
Project("{9A19103F-16F7-4668-BE54-9A1E7A4F7556}") = "WasmOnly", "WasmOnly.csproj", "{9F9626EE-8EBB-438D-A033-E376789DB95F}"
EndProject
Global
	GlobalSection(SolutionConfigurationPlatforms) = preSolution
		Debug_WASM|Any CPU = Debug_WASM|Any CPU
		Debug|Any CPU = Debug|Any CPU
		Release_WASM|Any CPU = Release_WASM|Any CPU
		Release|Any CPU = Release|Any CPU
	EndGlobalSection
	GlobalSection(ProjectConfigurationPlatforms) = postSolution
		{9F9626EE-8EBB-438D-A033-E376789DB95F}.Debug_WASM|Any CPU.ActiveCfg = Debug_WASM|Any CPU
		{9F9626EE-8EBB-438D-A033-E376789DB95F}.Debug_WASM|Any CPU.Build.0 = Debug_WASM|Any CPU
		{9F9626EE-8EBB-438D-A033-E376789DB95F}.Debug|Any CPU.ActiveCfg = Debug|Any CPU
		{9F9626EE-8EBB-438D-A033-E376789DB95F}.Debug|Any CPU.Build.0 = Debug|Any CPU
		{9F9626EE-8EBB-438D-A033-E376789DB95F}.Release_WASM|Any CPU.ActiveCfg = Release_WASM|Any CPU
		{9F9626EE-8EBB-438D-A033-E376789DB95F}.Release_WASM|Any CPU.Build.0 = Release_WASM|Any CPU
		{9F9626EE-8EBB-438D-A033-E376789DB95F}.Release|Any CPU.ActiveCfg = Release|Any CPU
		{9F9626EE-8EBB-438D-A033-E376789DB95F}.Release|Any CPU.Build.0 = Release|Any CPU
	EndGlobalSection
	GlobalSection(SolutionProperties) = preSolution
		HideSolutionNode = FALSE
	EndGlobalSection
	GlobalSection(ExtensibilityGlobals) = postSolution
		SolutionGuid = {6C5AB524-53C1-4A5C-BF32-DA8D0A888BE2}
	EndGlobalSection
EndGlobal
